
Microsoft Visual Studio Solution File, Format Version 12.00
# Visual Studio Version 17
VisualStudioVersion = 17.2.32602.215
MinimumVisualStudioVersion = 10.0.40219.1
Project("{FAE04EC0-301F-11D3-BF4B-00C04F79EFBC}") = "ApisProject", "ApisProject\ApisProject.csproj", "{DED54CA7-C034-456E-A597-A53DC039528D}"
EndProject
Global
	GlobalSection(SolutionConfigurationPlatforms) = preSolution
		Debug|Any CPU = Debug|Any CPU
		Release|Any CPU = Release|Any CPU
	EndGlobalSection
	GlobalSection(ProjectConfigurationPlatforms) = postSolution
		{DED54CA7-C034-456E-A597-A53DC039528D}.Debug|Any CPU.ActiveCfg = Debug|Any CPU
		{DED54CA7-C034-456E-A597-A53DC039528D}.Debug|Any CPU.Build.0 = Debug|Any CPU
		{DED54CA7-C034-456E-A597-A53DC039528D}.Release|Any CPU.ActiveCfg = Release|Any CPU
		{DED54CA7-C034-456E-A597-A53DC039528D}.Release|Any CPU.Build.0 = Release|Any CPU
	EndGlobalSection
	GlobalSection(SolutionProperties) = preSolution
		HideSolutionNode = FALSE
	EndGlobalSection
	GlobalSection(ExtensibilityGlobals) = postSolution
		SolutionGuid = {B3BDDA1D-C194-4C69-8080-BAA11F632CD4}
	EndGlobalSection
EndGlobal
